<?xml version="1.0" encoding="utf-8"?>
<Project ToolsVersion="4.0" xmlns="http://schemas.microsoft.com/developer/msbuild/2003">
  <ItemGroup>
    <Filter Include="external_tests">
      <UniqueIdentifier>{ecb10ca6-25a0-4e8a-bd34-21503922dd45}</UniqueIdentifier>
    </Filter>
    <Filter Include="external_src">
      <UniqueIdentifier>{32b4e9c9-dd96-494a-ae39-b2552cea9d84}</UniqueIdentifier>
    </Filter>
    <Filter Include="semd">
      <UniqueIdentifier>{f08989ae-1d1d-45de-a814-f1bc30aad69e}</UniqueIdentifier>
    </Filter>
    <Filter Include="internal_tests">
      <UniqueIdentifier>{67982986-f33c-4778-a60e-7ee80fc6ba05}</UniqueIdentifier>
    </Filter>
    <Filter Include="macros">
      <UniqueIdentifier>{ef720c2f-bf77-4f60-a5a0-4e2f308044de}</UniqueIdentifier>
    </Filter>
  </ItemGroup>
  <ItemGroup>
    <ClInclude Include="external_tests\basic_functions_et.h">
      <Filter>external_tests</Filter>
    </ClInclude>
    <ClInclude Include="external_tests\basic_operations_et.h">
      <Filter>external_tests</Filter>
    </ClInclude>
    <ClInclude Include="external_tests\exp_functions_et.h">
      <Filter>external_tests</Filter>
    </ClInclude>
    <ClInclude Include="external_tests\log_functions_et.h">
      <Filter>external_tests</Filter>
    </ClInclude>
    <ClInclude Include="external_tests\normal_dist_functions_et.h">
      <Filter>external_tests</Filter>
    </ClInclude>
    <ClInclude Include="external_tests\special_functions_et.h">
      <Filter>external_tests</Filter>
    </ClInclude>
    <ClInclude Include="external_tests\trig_functions_et.h">
      <Filter>external_tests</Filter>
    </ClInclude>
    <ClInclude Include="internal_tests\semd_t.h">
      <Filter>internal_tests</Filter>
    </ClInclude>
    <ClInclude Include="semd\semd.h">
      <Filter>semd</Filter>
    </ClInclude>
    <ClInclude Include="semd\semd_operations.h">
      <Filter>semd</Filter>
    </ClInclude>
    <ClInclude Include="semd\semd_functions.h">
      <Filter>semd</Filter>
    </ClInclude>
    <ClInclude Include="internal_tests\semd_functions_t.h">
      <Filter>internal_tests</Filter>
    </ClInclude>
    <ClInclude Include="internal_tests\semd_operations_t.h">
      <Filter>internal_tests</Filter>
    </ClInclude>
    <ClInclude Include="macros\sse_macros.h">
      <Filter>macros</Filter>
    </ClInclude>
    <ClInclude Include="semd\semd_distributions.h">
      <Filter>semd</Filter>
    </ClInclude>
    <ClInclude Include="internal_tests\semd_distributions_t.h">
      <Filter>internal_tests</Filter>
    </ClInclude>
    <ClInclude Include="internal_tests\semd_popular_t.h">
      <Filter>internal_tests</Filter>
    </ClInclude>
  </ItemGroup>
  <ItemGroup>
    <ClCompile Include="external_src\main.cpp">
      <Filter>external_src</Filter>
    </ClCompile>
  </ItemGroup>
</Project>